// !$*UTF8*$!
{
	archiveVersion = 1;
	classes = {
	};
	objectVersion = 56;
	objects = {

/* Begin PBXBuildFile section */
		AF0802082AEF7A1500F7571F /* Localizable.xcstrings in Resources */ = {isa = PBXBuildFile; fileRef = AF0802072AEF7A1500F7571F /* Localizable.xcstrings */; };
		AF08020A2AEF7E2500F7571F /* InfoPlist.xcstrings in Resources */ = {isa = PBXBuildFile; fileRef = AF0802092AEF7E2500F7571F /* InfoPlist.xcstrings */; };
		AF3D3E492ACE73C0007E53FE /* UserDefaultPropertyWrapper.swift in Sources */ = {isa = PBXBuildFile; fileRef = AF3D3E482ACE73C0007E53FE /* UserDefaultPropertyWrapper.swift */; };
		AF5A15182A80A6C300361FEC /* dsdigit.ttf in Resources */ = {isa = PBXBuildFile; fileRef = AF5A15132A80A6C300361FEC /* dsdigit.ttf */; };
		AF5A15192A80A6C300361FEC /* dsdigib.ttf in Resources */ = {isa = PBXBuildFile; fileRef = AF5A15142A80A6C300361FEC /* dsdigib.ttf */; };
		AF5A151A2A80A6C300361FEC /* digital-7.ttf in Resources */ = {isa = PBXBuildFile; fileRef = AF5A15152A80A6C300361FEC /* digital-7.ttf */; };
		AF5A151B2A80A6C300361FEC /* dsdigii.ttf in Resources */ = {isa = PBXBuildFile; fileRef = AF5A15162A80A6C300361FEC /* dsdigii.ttf */; };
		AF5A151C2A80A6C300361FEC /* dsdigi.ttf in Resources */ = {isa = PBXBuildFile; fileRef = AF5A15172A80A6C300361FEC /* dsdigi.ttf */; };
		AF5A151F2A80A72800361FEC /* TextExtension.swift in Sources */ = {isa = PBXBuildFile; fileRef = AF5A151E2A80A72800361FEC /* TextExtension.swift */; };
		AF69E86C2A5BC7E50092605C /* blockApp.swift in Sources */ = {isa = PBXBuildFile; fileRef = AF69E86B2A5BC7E50092605C /* blockApp.swift */; };
		AF69E86E2A5BC7E50092605C /* ContentView.swift in Sources */ = {isa = PBXBuildFile; fileRef = AF69E86D2A5BC7E50092605C /* ContentView.swift */; };
		AF69E8702A5BC7E70092605C /* Assets.xcassets in Resources */ = {isa = PBXBuildFile; fileRef = AF69E86F2A5BC7E70092605C /* Assets.xcassets */; };
		AF69E8732A5BC7E70092605C /* Preview Assets.xcassets in Resources */ = {isa = PBXBuildFile; fileRef = AF69E8722A5BC7E70092605C /* Preview Assets.xcassets */; };
		AF69E87D2A5BC7E80092605C /* blockTests.swift in Sources */ = {isa = PBXBuildFile; fileRef = AF69E87C2A5BC7E80092605C /* blockTests.swift */; };
		AF69E8872A5BC7E80092605C /* blockUITests.swift in Sources */ = {isa = PBXBuildFile; fileRef = AF69E8862A5BC7E80092605C /* blockUITests.swift */; };
		AF69E8892A5BC7E80092605C /* blockUITestsLaunchTests.swift in Sources */ = {isa = PBXBuildFile; fileRef = AF69E8882A5BC7E80092605C /* blockUITestsLaunchTests.swift */; };
		AF69E8962A5BCBD00092605C /* ViewModel.swift in Sources */ = {isa = PBXBuildFile; fileRef = AF69E8952A5BCBCF0092605C /* ViewModel.swift */; };
		AF69E8982A5BCC860092605C /* SquareGame.swift in Sources */ = {isa = PBXBuildFile; fileRef = AF69E8972A5BCC860092605C /* SquareGame.swift */; };
		AF69E89B2A5BD1C20092605C /* Shape.swift in Sources */ = {isa = PBXBuildFile; fileRef = AF69E89A2A5BD1C20092605C /* Shape.swift */; };
		AF69E89D2A5BD2DE0092605C /* GridPosition.swift in Sources */ = {isa = PBXBuildFile; fileRef = AF69E89C2A5BD2DE0092605C /* GridPosition.swift */; };
		AF69E89F2A5BD4E20092605C /* OShape.swift in Sources */ = {isa = PBXBuildFile; fileRef = AF69E89E2A5BD4E20092605C /* OShape.swift */; };
		AFE4F3572A679BF5004D966F /* IShape.swift in Sources */ = {isa = PBXBuildFile; fileRef = AFE4F3562A679BF5004D966F /* IShape.swift */; };
		AFE4F3592A679C37004D966F /* TShape.swift in Sources */ = {isa = PBXBuildFile; fileRef = AFE4F3582A679C37004D966F /* TShape.swift */; };
		AFE4F35B2A679C6A004D966F /* LShape.swift in Sources */ = {isa = PBXBuildFile; fileRef = AFE4F35A2A679C6A004D966F /* LShape.swift */; };
		AFE4F35D2A679C8B004D966F /* JShape.swift in Sources */ = {isa = PBXBuildFile; fileRef = AFE4F35C2A679C8B004D966F /* JShape.swift */; };
		AFE4F35F2A679CA6004D966F /* SShape.swift in Sources */ = {isa = PBXBuildFile; fileRef = AFE4F35E2A679CA6004D966F /* SShape.swift */; };
		AFE4F3612A679CBE004D966F /* ZShape.swift in Sources */ = {isa = PBXBuildFile; fileRef = AFE4F3602A679CBE004D966F /* ZShape.swift */; };
		AFE4F3642A67A08F004D966F /* ButtonView.swift in Sources */ = {isa = PBXBuildFile; fileRef = AFE4F3632A67A08F004D966F /* ButtonView.swift */; };
/* End PBXBuildFile section */

/* Begin PBXContainerItemProxy section */
		AF69E8792A5BC7E80092605C /* PBXContainerItemProxy */ = {
			isa = PBXContainerItemProxy;
			containerPortal = AF69E8602A5BC7E50092605C /* Project object */;
			proxyType = 1;
			remoteGlobalIDString = AF69E8672A5BC7E50092605C;
			remoteInfo = block;
		};
		AF69E8832A5BC7E80092605C /* PBXContainerItemProxy */ = {
			isa = PBXContainerItemProxy;
			containerPortal = AF69E8602A5BC7E50092605C /* Project object */;
			proxyType = 1;
			remoteGlobalIDString = AF69E8672A5BC7E50092605C;
			remoteInfo = block;
		};
/* End PBXContainerItemProxy section */

/* Begin PBXFileReference section */
		AF0802072AEF7A1500F7571F /* Localizable.xcstrings */ = {isa = PBXFileReference; lastKnownFileType = text.json.xcstrings; path = Localizable.xcstrings; sourceTree = "<group>"; };
		AF0802092AEF7E2500F7571F /* InfoPlist.xcstrings */ = {isa = PBXFileReference; lastKnownFileType = text.json.xcstrings; path = InfoPlist.xcstrings; sourceTree = "<group>"; };
		AF3D3E482ACE73C0007E53FE /* UserDefaultPropertyWrapper.swift */ = {isa = PBXFileReference; lastKnownFileType = sourcecode.swift; path = UserDefaultPropertyWrapper.swift; sourceTree = "<group>"; };
		AF5A15132A80A6C300361FEC /* dsdigit.ttf */ = {isa = PBXFileReference; lastKnownFileType = file; path = dsdigit.ttf; sourceTree = "<group>"; };
		AF5A15142A80A6C300361FEC /* dsdigib.ttf */ = {isa = PBXFileReference; lastKnownFileType = file; path = dsdigib.ttf; sourceTree = "<group>"; };
		AF5A15152A80A6C300361FEC /* digital-7.ttf */ = {isa = PBXFileReference; lastKnownFileType = file; path = "digital-7.ttf"; sourceTree = "<group>"; };
		AF5A15162A80A6C300361FEC /* dsdigii.ttf */ = {isa = PBXFileReference; lastKnownFileType = file; path = dsdigii.ttf; sourceTree = "<group>"; };
		AF5A15172A80A6C300361FEC /* dsdigi.ttf */ = {isa = PBXFileReference; lastKnownFileType = file; path = dsdigi.ttf; sourceTree = "<group>"; };
		AF5A151D2A80A6D200361FEC /* Info.plist */ = {isa = PBXFileReference; lastKnownFileType = text.plist.xml; path = Info.plist; sourceTree = "<group>"; };
		AF5A151E2A80A72800361FEC /* TextExtension.swift */ = {isa = PBXFileReference; lastKnownFileType = sourcecode.swift; path = TextExtension.swift; sourceTree = "<group>"; };
		AF69E8682A5BC7E50092605C /* block.app */ = {isa = PBXFileReference; explicitFileType = wrapper.application; includeInIndex = 0; path = block.app; sourceTree = BUILT_PRODUCTS_DIR; };
		AF69E86B2A5BC7E50092605C /* blockApp.swift */ = {isa = PBXFileReference; lastKnownFileType = sourcecode.swift; path = blockApp.swift; sourceTree = "<group>"; };
		AF69E86D2A5BC7E50092605C /* ContentView.swift */ = {isa = PBXFileReference; lastKnownFileType = sourcecode.swift; path = ContentView.swift; sourceTree = "<group>"; };
		AF69E86F2A5BC7E70092605C /* Assets.xcassets */ = {isa = PBXFileReference; lastKnownFileType = folder.assetcatalog; path = Assets.xcassets; sourceTree = "<group>"; };
		AF69E8722A5BC7E70092605C /* Preview Assets.xcassets */ = {isa = PBXFileReference; lastKnownFileType = folder.assetcatalog; path = "Preview Assets.xcassets"; sourceTree = "<group>"; };
		AF69E8782A5BC7E80092605C /* blockTests.xctest */ = {isa = PBXFileReference; explicitFileType = wrapper.cfbundle; includeInIndex = 0; path = blockTests.xctest; sourceTree = BUILT_PRODUCTS_DIR; };
		AF69E87C2A5BC7E80092605C /* blockTests.swift */ = {isa = PBXFileReference; lastKnownFileType = sourcecode.swift; path = blockTests.swift; sourceTree = "<group>"; };
		AF69E8822A5BC7E80092605C /* blockUITests.xctest */ = {isa = PBXFileReference; explicitFileType = wrapper.cfbundle; includeInIndex = 0; path = blockUITests.xctest; sourceTree = BUILT_PRODUCTS_DIR; };
		AF69E8862A5BC7E80092605C /* blockUITests.swift */ = {isa = PBXFileReference; lastKnownFileType = sourcecode.swift; path = blockUITests.swift; sourceTree = "<group>"; };
		AF69E8882A5BC7E80092605C /* blockUITestsLaunchTests.swift */ = {isa = PBXFileReference; lastKnownFileType = sourcecode.swift; path = blockUITestsLaunchTests.swift; sourceTree = "<group>"; };
		AF69E8952A5BCBCF0092605C /* ViewModel.swift */ = {isa = PBXFileReference; lastKnownFileType = sourcecode.swift; path = ViewModel.swift; sourceTree = "<group>"; };
		AF69E8972A5BCC860092605C /* SquareGame.swift */ = {isa = PBXFileReference; lastKnownFileType = sourcecode.swift; path = SquareGame.swift; sourceTree = "<group>"; };
		AF69E89A2A5BD1C20092605C /* Shape.swift */ = {isa = PBXFileReference; lastKnownFileType = sourcecode.swift; path = Shape.swift; sourceTree = "<group>"; };
		AF69E89C2A5BD2DE0092605C /* GridPosition.swift */ = {isa = PBXFileReference; lastKnownFileType = sourcecode.swift; path = GridPosition.swift; sourceTree = "<group>"; };
		AF69E89E2A5BD4E20092605C /* OShape.swift */ = {isa = PBXFileReference; lastKnownFileType = sourcecode.swift; path = OShape.swift; sourceTree = "<group>"; };
		AFE4F3562A679BF5004D966F /* IShape.swift */ = {isa = PBXFileReference; lastKnownFileType = sourcecode.swift; path = IShape.swift; sourceTree = "<group>"; };
		AFE4F3582A679C37004D966F /* TShape.swift */ = {isa = PBXFileReference; lastKnownFileType = sourcecode.swift; path = TShape.swift; sourceTree = "<group>"; };
		AFE4F35A2A679C6A004D966F /* LShape.swift */ = {isa = PBXFileReference; lastKnownFileType = sourcecode.swift; path = LShape.swift; sourceTree = "<group>"; };
		AFE4F35C2A679C8B004D966F /* JShape.swift */ = {isa = PBXFileReference; lastKnownFileType = sourcecode.swift; path = JShape.swift; sourceTree = "<group>"; };
		AFE4F35E2A679CA6004D966F /* SShape.swift */ = {isa = PBXFileReference; lastKnownFileType = sourcecode.swift; path = SShape.swift; sourceTree = "<group>"; };
		AFE4F3602A679CBE004D966F /* ZShape.swift */ = {isa = PBXFileReference; lastKnownFileType = sourcecode.swift; path = ZShape.swift; sourceTree = "<group>"; };
		AFE4F3632A67A08F004D966F /* ButtonView.swift */ = {isa = PBXFileReference; lastKnownFileType = sourcecode.swift; path = ButtonView.swift; sourceTree = "<group>"; };
/* End PBXFileReference section */

/* Begin PBXFrameworksBuildPhase section */
		AF69E8652A5BC7E50092605C /* Frameworks */ = {
			isa = PBXFrameworksBuildPhase;
			buildActionMask = 2147483647;
			files = (
			);
			runOnlyForDeploymentPostprocessing = 0;
		};
		AF69E8752A5BC7E80092605C /* Frameworks */ = {
			isa = PBXFrameworksBuildPhase;
			buildActionMask = 2147483647;
			files = (
			);
			runOnlyForDeploymentPostprocessing = 0;
		};
		AF69E87F2A5BC7E80092605C /* Frameworks */ = {
			isa = PBXFrameworksBuildPhase;
			buildActionMask = 2147483647;
			files = (
			);
			runOnlyForDeploymentPostprocessing = 0;
		};
/* End PBXFrameworksBuildPhase section */

/* Begin PBXGroup section */
		AF5A15112A80A69B00361FEC /* resources */ = {
			isa = PBXGroup;
			children = (
				AF5A15122A80A6AF00361FEC /* fonts */,
			);
			path = resources;
			sourceTree = "<group>";
		};
		AF5A15122A80A6AF00361FEC /* fonts */ = {
			isa = PBXGroup;
			children = (
				AF5A15152A80A6C300361FEC /* digital-7.ttf */,
				AF5A15172A80A6C300361FEC /* dsdigi.ttf */,
				AF5A15142A80A6C300361FEC /* dsdigib.ttf */,
				AF5A15162A80A6C300361FEC /* dsdigii.ttf */,
				AF5A15132A80A6C300361FEC /* dsdigit.ttf */,
			);
			path = fonts;
			sourceTree = "<group>";
		};
		AF69E85F2A5BC7E50092605C = {
			isa = PBXGroup;
			children = (
				AF69E86A2A5BC7E50092605C /* block */,
				AF69E87B2A5BC7E80092605C /* blockTests */,
				AF69E8852A5BC7E80092605C /* blockUITests */,
				AF69E8692A5BC7E50092605C /* Products */,
			);
			sourceTree = "<group>";
		};
		AF69E8692A5BC7E50092605C /* Products */ = {
			isa = PBXGroup;
			children = (
				AF69E8682A5BC7E50092605C /* block.app */,
				AF69E8782A5BC7E80092605C /* blockTests.xctest */,
				AF69E8822A5BC7E80092605C /* blockUITests.xctest */,
			);
			name = Products;
			sourceTree = "<group>";
		};
		AF69E86A2A5BC7E50092605C /* block */ = {
			isa = PBXGroup;
			children = (
				AF5A151D2A80A6D200361FEC /* Info.plist */,
				AF5A15112A80A69B00361FEC /* resources */,
				AFE4F3622A67A07C004D966F /* views */,
				AF69E8992A5BD1AC0092605C /* model */,
				AF69E86B2A5BC7E50092605C /* blockApp.swift */,
				AF69E86D2A5BC7E50092605C /* ContentView.swift */,
				AF0802072AEF7A1500F7571F /* Localizable.xcstrings */,
				AF0802092AEF7E2500F7571F /* InfoPlist.xcstrings */,
				AF69E8952A5BCBCF0092605C /* ViewModel.swift */,
				AF69E86F2A5BC7E70092605C /* Assets.xcassets */,
				AF69E8712A5BC7E70092605C /* Preview Content */,
				AF69E8972A5BCC860092605C /* SquareGame.swift */,
			);
			path = block;
			sourceTree = "<group>";
		};
		AF69E8712A5BC7E70092605C /* Preview Content */ = {
			isa = PBXGroup;
			children = (
				AF69E8722A5BC7E70092605C /* Preview Assets.xcassets */,
			);
			path = "Preview Content";
			sourceTree = "<group>";
		};
		AF69E87B2A5BC7E80092605C /* blockTests */ = {
			isa = PBXGroup;
			children = (
				AF69E87C2A5BC7E80092605C /* blockTests.swift */,
			);
			path = blockTests;
			sourceTree = "<group>";
		};
		AF69E8852A5BC7E80092605C /* blockUITests */ = {
			isa = PBXGroup;
			children = (
				AF69E8862A5BC7E80092605C /* blockUITests.swift */,
				AF69E8882A5BC7E80092605C /* blockUITestsLaunchTests.swift */,
			);
			path = blockUITests;
			sourceTree = "<group>";
		};
		AF69E8992A5BD1AC0092605C /* model */ = {
			isa = PBXGroup;
			children = (
				AF69E89A2A5BD1C20092605C /* Shape.swift */,
				AF69E89C2A5BD2DE0092605C /* GridPosition.swift */,
				AF69E89E2A5BD4E20092605C /* OShape.swift */,
				AFE4F3562A679BF5004D966F /* IShape.swift */,
				AFE4F3582A679C37004D966F /* TShape.swift */,
				AFE4F35A2A679C6A004D966F /* LShape.swift */,
				AFE4F35C2A679C8B004D966F /* JShape.swift */,
				AFE4F35E2A679CA6004D966F /* SShape.swift */,
				AFE4F3602A679CBE004D966F /* ZShape.swift */,
				AF3D3E482ACE73C0007E53FE /* UserDefaultPropertyWrapper.swift */,
			);
			path = model;
			sourceTree = "<group>";
		};
		AFE4F3622A67A07C004D966F /* views */ = {
			isa = PBXGroup;
			children = (
				AFE4F3632A67A08F004D966F /* ButtonView.swift */,
				AF5A151E2A80A72800361FEC /* TextExtension.swift */,
			);
			path = views;
			sourceTree = "<group>";
		};
/* End PBXGroup section */

/* Begin PBXNativeTarget section */
		AF69E8672A5BC7E50092605C /* block */ = {
			isa = PBXNativeTarget;
			buildConfigurationList = AF69E88C2A5BC7E80092605C /* Build configuration list for PBXNativeTarget "block" */;
			buildPhases = (
				AF69E8642A5BC7E50092605C /* Sources */,
				AF69E8652A5BC7E50092605C /* Frameworks */,
				AF69E8662A5BC7E50092605C /* Resources */,
			);
			buildRules = (
			);
			dependencies = (
			);
			name = block;
			productName = block;
			productReference = AF69E8682A5BC7E50092605C /* block.app */;
			productType = "com.apple.product-type.application";
		};
		AF69E8772A5BC7E80092605C /* blockTests */ = {
			isa = PBXNativeTarget;
			buildConfigurationList = AF69E88F2A5BC7E80092605C /* Build configuration list for PBXNativeTarget "blockTests" */;
			buildPhases = (
				AF69E8742A5BC7E80092605C /* Sources */,
				AF69E8752A5BC7E80092605C /* Frameworks */,
				AF69E8762A5BC7E80092605C /* Resources */,
			);
			buildRules = (
			);
			dependencies = (
				AF69E87A2A5BC7E80092605C /* PBXTargetDependency */,
			);
			name = blockTests;
			productName = blockTests;
			productReference = AF69E8782A5BC7E80092605C /* blockTests.xctest */;
			productType = "com.apple.product-type.bundle.unit-test";
		};
		AF69E8812A5BC7E80092605C /* blockUITests */ = {
			isa = PBXNativeTarget;
			buildConfigurationList = AF69E8922A5BC7E80092605C /* Build configuration list for PBXNativeTarget "blockUITests" */;
			buildPhases = (
				AF69E87E2A5BC7E80092605C /* Sources */,
				AF69E87F2A5BC7E80092605C /* Frameworks */,
				AF69E8802A5BC7E80092605C /* Resources */,
			);
			buildRules = (
			);
			dependencies = (
				AF69E8842A5BC7E80092605C /* PBXTargetDependency */,
			);
			name = blockUITests;
			productName = blockUITests;
			productReference = AF69E8822A5BC7E80092605C /* blockUITests.xctest */;
			productType = "com.apple.product-type.bundle.ui-testing";
		};
/* End PBXNativeTarget section */

/* Begin PBXProject section */
		AF69E8602A5BC7E50092605C /* Project object */ = {
			isa = PBXProject;
			attributes = {
				BuildIndependentTargetsInParallel = 1;
				LastSwiftUpdateCheck = 1420;
				LastUpgradeCheck = 1420;
				TargetAttributes = {
					AF69E8672A5BC7E50092605C = {
						CreatedOnToolsVersion = 14.2;
					};
					AF69E8772A5BC7E80092605C = {
						CreatedOnToolsVersion = 14.2;
						TestTargetID = AF69E8672A5BC7E50092605C;
					};
					AF69E8812A5BC7E80092605C = {
						CreatedOnToolsVersion = 14.2;
						TestTargetID = AF69E8672A5BC7E50092605C;
					};
				};
			};
			buildConfigurationList = AF69E8632A5BC7E50092605C /* Build configuration list for PBXProject "block" */;
			compatibilityVersion = "Xcode 14.0";
			developmentRegion = en;
			hasScannedForEncodings = 0;
			knownRegions = (
				en,
				Base,
				es,
			);
			mainGroup = AF69E85F2A5BC7E50092605C;
			productRefGroup = AF69E8692A5BC7E50092605C /* Products */;
			projectDirPath = "";
			projectRoot = "";
			targets = (
				AF69E8672A5BC7E50092605C /* block */,
				AF69E8772A5BC7E80092605C /* blockTests */,
				AF69E8812A5BC7E80092605C /* blockUITests */,
			);
		};
/* End PBXProject section */

/* Begin PBXResourcesBuildPhase section */
		AF69E8662A5BC7E50092605C /* Resources */ = {
			isa = PBXResourcesBuildPhase;
			buildActionMask = 2147483647;
			files = (
				AF5A151B2A80A6C300361FEC /* dsdigii.ttf in Resources */,
				AF5A15182A80A6C300361FEC /* dsdigit.ttf in Resources */,
				AF0802082AEF7A1500F7571F /* Localizable.xcstrings in Resources */,
				AF08020A2AEF7E2500F7571F /* InfoPlist.xcstrings in Resources */,
				AF5A15192A80A6C300361FEC /* dsdigib.ttf in Resources */,
				AF69E8732A5BC7E70092605C /* Preview Assets.xcassets in Resources */,
				AF5A151C2A80A6C300361FEC /* dsdigi.ttf in Resources */,
				AF69E8702A5BC7E70092605C /* Assets.xcassets in Resources */,
				AF5A151A2A80A6C300361FEC /* digital-7.ttf in Resources */,
			);
			runOnlyForDeploymentPostprocessing = 0;
		};
		AF69E8762A5BC7E80092605C /* Resources */ = {
			isa = PBXResourcesBuildPhase;
			buildActionMask = 2147483647;
			files = (
			);
			runOnlyForDeploymentPostprocessing = 0;
		};
		AF69E8802A5BC7E80092605C /* Resources */ = {
			isa = PBXResourcesBuildPhase;
			buildActionMask = 2147483647;
			files = (
			);
			runOnlyForDeploymentPostprocessing = 0;
		};
/* End PBXResourcesBuildPhase section */

/* Begin PBXSourcesBuildPhase section */
		AF69E8642A5BC7E50092605C /* Sources */ = {
			isa = PBXSourcesBuildPhase;
			buildActionMask = 2147483647;
			files = (
				AFE4F35B2A679C6A004D966F /* LShape.swift in Sources */,
				AF69E89B2A5BD1C20092605C /* Shape.swift in Sources */,
				AFE4F3572A679BF5004D966F /* IShape.swift in Sources */,
				AFE4F35D2A679C8B004D966F /* JShape.swift in Sources */,
				AF69E86E2A5BC7E50092605C /* ContentView.swift in Sources */,
				AF69E89F2A5BD4E20092605C /* OShape.swift in Sources */,
				AFE4F3642A67A08F004D966F /* ButtonView.swift in Sources */,
				AF5A151F2A80A72800361FEC /* TextExtension.swift in Sources */,
				AF69E89D2A5BD2DE0092605C /* GridPosition.swift in Sources */,
				AFE4F35F2A679CA6004D966F /* SShape.swift in Sources */,
				AF3D3E492ACE73C0007E53FE /* UserDefaultPropertyWrapper.swift in Sources */,
				AF69E8962A5BCBD00092605C /* ViewModel.swift in Sources */,
				AFE4F3592A679C37004D966F /* TShape.swift in Sources */,
				AF69E8982A5BCC860092605C /* SquareGame.swift in Sources */,
				AFE4F3612A679CBE004D966F /* ZShape.swift in Sources */,
				AF69E86C2A5BC7E50092605C /* blockApp.swift in Sources */,
			);
			runOnlyForDeploymentPostprocessing = 0;
		};
		AF69E8742A5BC7E80092605C /* Sources */ = {
			isa = PBXSourcesBuildPhase;
			buildActionMask = 2147483647;
			files = (
				AF69E87D2A5BC7E80092605C /* blockTests.swift in Sources */,
			);
			runOnlyForDeploymentPostprocessing = 0;
		};
		AF69E87E2A5BC7E80092605C /* Sources */ = {
			isa = PBXSourcesBuildPhase;
			buildActionMask = 2147483647;
			files = (
				AF69E8892A5BC7E80092605C /* blockUITestsLaunchTests.swift in Sources */,
				AF69E8872A5BC7E80092605C /* blockUITests.swift in Sources */,
			);
			runOnlyForDeploymentPostprocessing = 0;
		};
/* End PBXSourcesBuildPhase section */

/* Begin PBXTargetDependency section */
		AF69E87A2A5BC7E80092605C /* PBXTargetDependency */ = {
			isa = PBXTargetDependency;
			target = AF69E8672A5BC7E50092605C /* block */;
			targetProxy = AF69E8792A5BC7E80092605C /* PBXContainerItemProxy */;
		};
		AF69E8842A5BC7E80092605C /* PBXTargetDependency */ = {
			isa = PBXTargetDependency;
			target = AF69E8672A5BC7E50092605C /* block */;
			targetProxy = AF69E8832A5BC7E80092605C /* PBXContainerItemProxy */;
		};
/* End PBXTargetDependency section */

/* Begin XCBuildConfiguration section */
		AF69E88A2A5BC7E80092605C /* Debug */ = {
			isa = XCBuildConfiguration;
			buildSettings = {
				ALWAYS_SEARCH_USER_PATHS = NO;
				CLANG_ANALYZER_NONNULL = YES;
				CLANG_ANALYZER_NUMBER_OBJECT_CONVERSION = YES_AGGRESSIVE;
				CLANG_CXX_LANGUAGE_STANDARD = "gnu++20";
				CLANG_ENABLE_MODULES = YES;
				CLANG_ENABLE_OBJC_ARC = YES;
				CLANG_ENABLE_OBJC_WEAK = YES;
				CLANG_WARN_BLOCK_CAPTURE_AUTORELEASING = YES;
				CLANG_WARN_BOOL_CONVERSION = YES;
				CLANG_WARN_COMMA = YES;
				CLANG_WARN_CONSTANT_CONVERSION = YES;
				CLANG_WARN_DEPRECATED_OBJC_IMPLEMENTATIONS = YES;
				CLANG_WARN_DIRECT_OBJC_ISA_USAGE = YES_ERROR;
				CLANG_WARN_DOCUMENTATION_COMMENTS = YES;
				CLANG_WARN_EMPTY_BODY = YES;
				CLANG_WARN_ENUM_CONVERSION = YES;
				CLANG_WARN_INFINITE_RECURSION = YES;
				CLANG_WARN_INT_CONVERSION = YES;
				CLANG_WARN_NON_LITERAL_NULL_CONVERSION = YES;
				CLANG_WARN_OBJC_IMPLICIT_RETAIN_SELF = YES;
				CLANG_WARN_OBJC_LITERAL_CONVERSION = YES;
				CLANG_WARN_OBJC_ROOT_CLASS = YES_ERROR;
				CLANG_WARN_QUOTED_INCLUDE_IN_FRAMEWORK_HEADER = YES;
				CLANG_WARN_RANGE_LOOP_ANALYSIS = YES;
				CLANG_WARN_STRICT_PROTOTYPES = YES;
				CLANG_WARN_SUSPICIOUS_MOVE = YES;
				CLANG_WARN_UNGUARDED_AVAILABILITY = YES_AGGRESSIVE;
				CLANG_WARN_UNREACHABLE_CODE = YES;
				CLANG_WARN__DUPLICATE_METHOD_MATCH = YES;
				COPY_PHASE_STRIP = NO;
				DEBUG_INFORMATION_FORMAT = dwarf;
				ENABLE_STRICT_OBJC_MSGSEND = YES;
				ENABLE_TESTABILITY = YES;
				GCC_C_LANGUAGE_STANDARD = gnu11;
				GCC_DYNAMIC_NO_PIC = NO;
				GCC_NO_COMMON_BLOCKS = YES;
				GCC_OPTIMIZATION_LEVEL = 0;
				GCC_PREPROCESSOR_DEFINITIONS = (
					"DEBUG=1",
					"$(inherited)",
				);
				GCC_WARN_64_TO_32_BIT_CONVERSION = YES;
				GCC_WARN_ABOUT_RETURN_TYPE = YES_ERROR;
				GCC_WARN_UNDECLARED_SELECTOR = YES;
				GCC_WARN_UNINITIALIZED_AUTOS = YES_AGGRESSIVE;
				GCC_WARN_UNUSED_FUNCTION = YES;
				GCC_WARN_UNUSED_VARIABLE = YES;
				IPHONEOS_DEPLOYMENT_TARGET = 16.2;
				LOCALIZATION_PREFERS_STRING_CATALOGS = YES;
				MTL_ENABLE_DEBUG_INFO = INCLUDE_SOURCE;
				MTL_FAST_MATH = YES;
				ONLY_ACTIVE_ARCH = YES;
				SDKROOT = iphoneos;
				SWIFT_ACTIVE_COMPILATION_CONDITIONS = DEBUG;
				SWIFT_OPTIMIZATION_LEVEL = "-Onone";
			};
			name = Debug;
		};
		AF69E88B2A5BC7E80092605C /* Release */ = {
			isa = XCBuildConfiguration;
			buildSettings = {
				ALWAYS_SEARCH_USER_PATHS = NO;
				CLANG_ANALYZER_NONNULL = YES;
				CLANG_ANALYZER_NUMBER_OBJECT_CONVERSION = YES_AGGRESSIVE;
				CLANG_CXX_LANGUAGE_STANDARD = "gnu++20";
				CLANG_ENABLE_MODULES = YES;
				CLANG_ENABLE_OBJC_ARC = YES;
				CLANG_ENABLE_OBJC_WEAK = YES;
				CLANG_WARN_BLOCK_CAPTURE_AUTORELEASING = YES;
				CLANG_WARN_BOOL_CONVERSION = YES;
				CLANG_WARN_COMMA = YES;
				CLANG_WARN_CONSTANT_CONVERSION = YES;
				CLANG_WARN_DEPRECATED_OBJC_IMPLEMENTATIONS = YES;
				CLANG_WARN_DIRECT_OBJC_ISA_USAGE = YES_ERROR;
				CLANG_WARN_DOCUMENTATION_COMMENTS = YES;
				CLANG_WARN_EMPTY_BODY = YES;
				CLANG_WARN_ENUM_CONVERSION = YES;
				CLANG_WARN_INFINITE_RECURSION = YES;
				CLANG_WARN_INT_CONVERSION = YES;
				CLANG_WARN_NON_LITERAL_NULL_CONVERSION = YES;
				CLANG_WARN_OBJC_IMPLICIT_RETAIN_SELF = YES;
				CLANG_WARN_OBJC_LITERAL_CONVERSION = YES;
				CLANG_WARN_OBJC_ROOT_CLASS = YES_ERROR;
				CLANG_WARN_QUOTED_INCLUDE_IN_FRAMEWORK_HEADER = YES;
				CLANG_WARN_RANGE_LOOP_ANALYSIS = YES;
				CLANG_WARN_STRICT_PROTOTYPES = YES;
				CLANG_WARN_SUSPICIOUS_MOVE = YES;
				CLANG_WARN_UNGUARDED_AVAILABILITY = YES_AGGRESSIVE;
				CLANG_WARN_UNREACHABLE_CODE = YES;
				CLANG_WARN__DUPLICATE_METHOD_MATCH = YES;
				COPY_PHASE_STRIP = NO;
				DEBUG_INFORMATION_FORMAT = "dwarf-with-dsym";
				ENABLE_NS_ASSERTIONS = NO;
				ENABLE_STRICT_OBJC_MSGSEND = YES;
				GCC_C_LANGUAGE_STANDARD = gnu11;
				GCC_NO_COMMON_BLOCKS = YES;
				GCC_WARN_64_TO_32_BIT_CONVERSION = YES;
				GCC_WARN_ABOUT_RETURN_TYPE = YES_ERROR;
				GCC_WARN_UNDECLARED_SELECTOR = YES;
				GCC_WARN_UNINITIALIZED_AUTOS = YES_AGGRESSIVE;
				GCC_WARN_UNUSED_FUNCTION = YES;
				GCC_WARN_UNUSED_VARIABLE = YES;
				IPHONEOS_DEPLOYMENT_TARGET = 16.2;
				LOCALIZATION_PREFERS_STRING_CATALOGS = YES;
				MTL_ENABLE_DEBUG_INFO = NO;
				MTL_FAST_MATH = YES;
				SDKROOT = iphoneos;
				SWIFT_COMPILATION_MODE = wholemodule;
				SWIFT_OPTIMIZATION_LEVEL = "-O";
				VALIDATE_PRODUCT = YES;
			};
			name = Release;
		};
		AF69E88D2A5BC7E80092605C /* Debug */ = {
			isa = XCBuildConfiguration;
			buildSettings = {
				ASSETCATALOG_COMPILER_APPICON_NAME = AppIcon;
				ASSETCATALOG_COMPILER_GLOBAL_ACCENT_COLOR_NAME = AccentColor;
				CODE_SIGN_STYLE = Automatic;
				CURRENT_PROJECT_VERSION = 1;
				DEVELOPMENT_ASSET_PATHS = "\"block/Preview Content\"";
				DEVELOPMENT_TEAM = PYH5XH3SJ7;
				ENABLE_PREVIEWS = YES;
				GENERATE_INFOPLIST_FILE = YES;
				INFOPLIST_FILE = block/Info.plist;
				INFOPLIST_KEY_UIApplicationSceneManifest_Generation = YES;
				INFOPLIST_KEY_UIApplicationSupportsIndirectInputEvents = YES;
				INFOPLIST_KEY_UILaunchScreen_Generation = YES;
				INFOPLIST_KEY_UISupportedInterfaceOrientations_iPad = "UIInterfaceOrientationPortrait UIInterfaceOrientationPortraitUpsideDown UIInterfaceOrientationLandscapeLeft UIInterfaceOrientationLandscapeRight";
				INFOPLIST_KEY_UISupportedInterfaceOrientations_iPhone = "UIInterfaceOrientationPortrait UIInterfaceOrientationLandscapeLeft UIInterfaceOrientationLandscapeRight";
				LD_RUNPATH_SEARCH_PATHS = (
					"$(inherited)",
					"@executable_path/Frameworks",
				);
				MARKETING_VERSION = 1.0;
				PRODUCT_BUNDLE_IDENTIFIER = dev.codewithferrer.block;
				PRODUCT_NAME = "$(TARGET_NAME)";
				SWIFT_EMIT_LOC_STRINGS = YES;
				SWIFT_VERSION = 5.0;
				TARGETED_DEVICE_FAMILY = "1,2";
			};
			name = Debug;
		};
		AF69E88E2A5BC7E80092605C /* Release */ = {
			isa = XCBuildConfiguration;
			buildSettings = {
				ASSETCATALOG_COMPILER_APPICON_NAME = AppIcon;
				ASSETCATALOG_COMPILER_GLOBAL_ACCENT_COLOR_NAME = AccentColor;
				CODE_SIGN_STYLE = Automatic;
				CURRENT_PROJECT_VERSION = 1;
				DEVELOPMENT_ASSET_PATHS = "\"block/Preview Content\"";
				DEVELOPMENT_TEAM = PYH5XH3SJ7;
				ENABLE_PREVIEWS = YES;
				GENERATE_INFOPLIST_FILE = YES;
				INFOPLIST_FILE = block/Info.plist;
				INFOPLIST_KEY_UIApplicationSceneManifest_Generation = YES;
				INFOPLIST_KEY_UIApplicationSupportsIndirectInputEvents = YES;
				INFOPLIST_KEY_UILaunchScreen_Generation = YES;
				INFOPLIST_KEY_UISupportedInterfaceOrientations_iPad = "UIInterfaceOrientationPortrait UIInterfaceOrientationPortraitUpsideDown UIInterfaceOrientationLandscapeLeft UIInterfaceOrientationLandscapeRight";
				INFOPLIST_KEY_UISupportedInterfaceOrientations_iPhone = "UIInterfaceOrientationPortrait UIInterfaceOrientationLandscapeLeft UIInterfaceOrientationLandscapeRight";
				LD_RUNPATH_SEARCH_PATHS = (
					"$(inherited)",
					"@executable_path/Frameworks",
				);
				MARKETING_VERSION = 1.0;
				PRODUCT_BUNDLE_IDENTIFIER = dev.codewithferrer.block;
				PRODUCT_NAME = "$(TARGET_NAME)";
				SWIFT_EMIT_LOC_STRINGS = YES;
				SWIFT_VERSION = 5.0;
				TARGETED_DEVICE_FAMILY = "1,2";
			};
			name = Release;
		};
		AF69E8902A5BC7E80092605C /* Debug */ = {
			isa = XCBuildConfiguration;
			buildSettings = {
				ALWAYS_EMBED_SWIFT_STANDARD_LIBRARIES = YES;
				BUNDLE_LOADER = "$(TEST_HOST)";
				CODE_SIGN_STYLE = Automatic;
				CURRENT_PROJECT_VERSION = 1;
				DEVELOPMENT_TEAM = PYH5XH3SJ7;
				GENERATE_INFOPLIST_FILE = YES;
				IPHONEOS_DEPLOYMENT_TARGET = 16.2;
				MARKETING_VERSION = 1.0;
				PRODUCT_BUNDLE_IDENTIFIER = dev.codewithferrer.blockTests;
				PRODUCT_NAME = "$(TARGET_NAME)";
				SWIFT_EMIT_LOC_STRINGS = NO;
				SWIFT_VERSION = 5.0;
				TARGETED_DEVICE_FAMILY = "1,2";
				TEST_HOST = "$(BUILT_PRODUCTS_DIR)/block.app/$(BUNDLE_EXECUTABLE_FOLDER_PATH)/block";
			};
			name = Debug;
		};
		AF69E8912A5BC7E80092605C /* Release */ = {
			isa = XCBuildConfiguration;
			buildSettings = {
				ALWAYS_EMBED_SWIFT_STANDARD_LIBRARIES = YES;
				BUNDLE_LOADER = "$(TEST_HOST)";
				CODE_SIGN_STYLE = Automatic;
				CURRENT_PROJECT_VERSION = 1;
				DEVELOPMENT_TEAM = PYH5XH3SJ7;
				GENERATE_INFOPLIST_FILE = YES;
				IPHONEOS_DEPLOYMENT_TARGET = 16.2;
				MARKETING_VERSION = 1.0;
				PRODUCT_BUNDLE_IDENTIFIER = dev.codewithferrer.blockTests;
				PRODUCT_NAME = "$(TARGET_NAME)";
				SWIFT_EMIT_LOC_STRINGS = NO;
				SWIFT_VERSION = 5.0;
				TARGETED_DEVICE_FAMILY = "1,2";
				TEST_HOST = "$(BUILT_PRODUCTS_DIR)/block.app/$(BUNDLE_EXECUTABLE_FOLDER_PATH)/block";
			};
			name = Release;
		};
		AF69E8932A5BC7E80092605C /* Debug */ = {
			isa = XCBuildConfiguration;
			buildSettings = {
				ALWAYS_EMBED_SWIFT_STANDARD_LIBRARIES = YES;
				CODE_SIGN_STYLE = Automatic;
				CURRENT_PROJECT_VERSION = 1;
				DEVELOPMENT_TEAM = PYH5XH3SJ7;
				GENERATE_INFOPLIST_FILE = YES;
				MARKETING_VERSION = 1.0;
				PRODUCT_BUNDLE_IDENTIFIER = dev.codewithferrer.blockUITests;
				PRODUCT_NAME = "$(TARGET_NAME)";
				SWIFT_EMIT_LOC_STRINGS = NO;
				SWIFT_VERSION = 5.0;
				TARGETED_DEVICE_FAMILY = "1,2";
				TEST_TARGET_NAME = block;
			};
			name = Debug;
		};
		AF69E8942A5BC7E80092605C /* Release */ = {
			isa = XCBuildConfiguration;
			buildSettings = {
				ALWAYS_EMBED_SWIFT_STANDARD_LIBRARIES = YES;
				CODE_SIGN_STYLE = Automatic;
				CURRENT_PROJECT_VERSION = 1;
				DEVELOPMENT_TEAM = PYH5XH3SJ7;
				GENERATE_INFOPLIST_FILE = YES;
				MARKETING_VERSION = 1.0;
				PRODUCT_BUNDLE_IDENTIFIER = dev.codewithferrer.blockUITests;
				PRODUCT_NAME = "$(TARGET_NAME)";
				SWIFT_EMIT_LOC_STRINGS = NO;
				SWIFT_VERSION = 5.0;
				TARGETED_DEVICE_FAMILY = "1,2";
				TEST_TARGET_NAME = block;
			};
			name = Release;
		};
/* End XCBuildConfiguration section */

/* Begin XCConfigurationList section */
		AF69E8632A5BC7E50092605C /* Build configuration list for PBXProject "block" */ = {
			isa = XCConfigurationList;
			buildConfigurations = (
				AF69E88A2A5BC7E80092605C /* Debug */,
				AF69E88B2A5BC7E80092605C /* Release */,
			);
			defaultConfigurationIsVisible = 0;
			defaultConfigurationName = Release;
		};
		AF69E88C2A5BC7E80092605C /* Build configuration list for PBXNativeTarget "block" */ = {
			isa = XCConfigurationList;
			buildConfigurations = (
				AF69E88D2A5BC7E80092605C /* Debug */,
				AF69E88E2A5BC7E80092605C /* Release */,
			);
			defaultConfigurationIsVisible = 0;
			defaultConfigurationName = Release;
		};
		AF69E88F2A5BC7E80092605C /* Build configuration list for PBXNativeTarget "blockTests" */ = {
			isa = XCConfigurationList;
			buildConfigurations = (
				AF69E8902A5BC7E80092605C /* Debug */,
				AF69E8912A5BC7E80092605C /* Release */,
			);
			defaultConfigurationIsVisible = 0;
			defaultConfigurationName = Release;
		};
		AF69E8922A5BC7E80092605C /* Build configuration list for PBXNativeTarget "blockUITests" */ = {
			isa = XCConfigurationList;
			buildConfigurations = (
				AF69E8932A5BC7E80092605C /* Debug */,
				AF69E8942A5BC7E80092605C /* Release */,
			);
			defaultConfigurationIsVisible = 0;
			defaultConfigurationName = Release;
		};
/* End XCConfigurationList section */
	};
	rootObject = AF69E8602A5BC7E50092605C /* Project object */;
}
